{
  "version": 4,
  "terraform_version": "1.1.7",
  "serial": 8,
  "lineage": "81787892-17ee-37d3-6dcd-20969b0e88bf",
  "outputs": {},
  "resources": [
    {
      "mode": "managed",
      "type": "yandex_compute_instance",
      "name": "nat-instance",
      "provider": "provider[\"registry.terraform.io/yandex-cloud/yandex\"]",
      "instances": [
        {
          "schema_version": 1,
          "attributes": {
            "allow_recreate": null,
            "allow_stopping_for_update": null,
            "boot_disk": [
              {
                "auto_delete": true,
                "device_name": "fhm1o7mpb5r8m0j5jjcv",
                "disk_id": "fhm1o7mpb5r8m0j5jjcv",
                "initialize_params": [
                  {
                    "block_size": 4096,
                    "description": "",
                    "image_id": "fd80mrhj8fl2oe87o4e1",
                    "name": "",
                    "size": 10,
                    "snapshot_id": "",
                    "type": "network-hdd"
                  }
                ],
                "mode": "READ_WRITE"
              }
            ],
            "created_at": "2024-04-08T18:55:12Z",
            "description": "",
            "filesystem": [],
            "folder_id": "b1ghjrjv7od7c3dmu2c1",
            "fqdn": "nat-instance.ru-central1.internal",
            "gpu_cluster_id": "",
            "hostname": "nat-instance",
            "id": "fhmto8oek8k89m0adbe3",
            "labels": null,
            "local_disk": [],
            "maintenance_grace_period": "",
            "maintenance_policy": null,
            "metadata": {
              "ssh-keys": "ubuntu:ssh-rsa AAAAB3NzaC1yc2EAAAADAQABAAABAQCY7SYteJbN7Sg1ulemNt1+OwVyp0qzaoeG8FOB1JwLbyqdocU6Aqcd7xge/r3T0KJybQRudeK5ysDU5rCi8p7aTHYHA5K0Fo2aw1RXC0O4sXpDRowAaqFbR7e8Dw5enan4x2tlHR3gcVbQuIo0SfqguY3v1auh89oDoisOvbn4RGwBRFnaGLo7TDosVXfQ1u3Sl0lEhARYCsXwWA4qyE2NcdWsQGDj9bncxpkC+4FVPqwyemOFhsId+12N8DxWycNxylP3k+oRPDFPLYBymrgaVdNPZDiWDrpbE+4+7foJgwxNtrr4NqFb9+P5U/oaoCPYy733BbBnrJECfqsMHe3D"
            },
            "metadata_options": [
              {
                "aws_v1_http_endpoint": 1,
                "aws_v1_http_token": 2,
                "gce_http_endpoint": 1,
                "gce_http_token": 1
              }
            ],
            "name": "nat-instance",
            "network_acceleration_type": "standard",
            "network_interface": [
              {
                "dns_record": [],
                "index": 0,
                "ip_address": "192.168.10.254",
                "ipv4": true,
                "ipv6": false,
                "ipv6_address": "",
                "ipv6_dns_record": [],
                "mac_address": "d0:0d:1d:c2:30:ea",
                "nat": true,
                "nat_dns_record": [],
                "nat_ip_address": "158.160.57.173",
                "nat_ip_version": "IPV4",
                "security_group_ids": [],
                "subnet_id": "e9btv9crti14ktttqsbc"
              }
            ],
            "placement_policy": [
              {
                "host_affinity_rules": [],
                "placement_group_id": "",
                "placement_group_partition": 0
              }
            ],
            "platform_id": "standard-v1",
            "resources": [
              {
                "core_fraction": 100,
                "cores": 2,
                "gpus": 0,
                "memory": 2
              }
            ],
            "scheduling_policy": [
              {
                "preemptible": true
              }
            ],
            "secondary_disk": [],
            "service_account_id": "",
            "status": "running",
            "timeouts": null,
            "zone": "ru-central1-a"
          },
          "sensitive_attributes": [],
          "private": "eyJlMmJmYjczMC1lY2FhLTExZTYtOGY4OC0zNDM2M2JjN2M0YzAiOnsiY3JlYXRlIjozMDAwMDAwMDAwMDAsImRlbGV0ZSI6MzAwMDAwMDAwMDAwLCJ1cGRhdGUiOjMwMDAwMDAwMDAwMH0sInNjaGVtYV92ZXJzaW9uIjoiMSJ9",
          "dependencies": [
            "yandex_vpc_network.network-1",
            "yandex_vpc_subnet.subnet-public"
          ]
        }
      ]
    },
    {
      "mode": "managed",
      "type": "yandex_compute_instance",
      "name": "private-vm",
      "provider": "provider[\"registry.terraform.io/yandex-cloud/yandex\"]",
      "instances": [
        {
          "schema_version": 1,
          "attributes": {
            "allow_recreate": null,
            "allow_stopping_for_update": null,
            "boot_disk": [
              {
                "auto_delete": true,
                "device_name": "fhmu2q1r7mdiosacshqp",
                "disk_id": "fhmu2q1r7mdiosacshqp",
                "initialize_params": [
                  {
                    "block_size": 4096,
                    "description": "",
                    "image_id": "fd8b6qcrqbaqtnuumbph",
                    "name": "",
                    "size": 10,
                    "snapshot_id": "",
                    "type": "network-hdd"
                  }
                ],
                "mode": "READ_WRITE"
              }
            ],
            "created_at": "2024-04-08T18:55:13Z",
            "description": "",
            "filesystem": [],
            "folder_id": "b1ghjrjv7od7c3dmu2c1",
            "fqdn": "private-vm.ru-central1.internal",
            "gpu_cluster_id": "",
            "hostname": "private-vm",
            "id": "fhm1h0gpjpc3bgid2ep5",
            "labels": null,
            "local_disk": [],
            "maintenance_grace_period": "",
            "maintenance_policy": null,
            "metadata": {
              "ssh-keys": "ubuntu:ssh-rsa AAAAB3NzaC1yc2EAAAADAQABAAABAQCY7SYteJbN7Sg1ulemNt1+OwVyp0qzaoeG8FOB1JwLbyqdocU6Aqcd7xge/r3T0KJybQRudeK5ysDU5rCi8p7aTHYHA5K0Fo2aw1RXC0O4sXpDRowAaqFbR7e8Dw5enan4x2tlHR3gcVbQuIo0SfqguY3v1auh89oDoisOvbn4RGwBRFnaGLo7TDosVXfQ1u3Sl0lEhARYCsXwWA4qyE2NcdWsQGDj9bncxpkC+4FVPqwyemOFhsId+12N8DxWycNxylP3k+oRPDFPLYBymrgaVdNPZDiWDrpbE+4+7foJgwxNtrr4NqFb9+P5U/oaoCPYy733BbBnrJECfqsMHe3D"
            },
            "metadata_options": [
              {
                "aws_v1_http_endpoint": 1,
                "aws_v1_http_token": 2,
                "gce_http_endpoint": 1,
                "gce_http_token": 1
              }
            ],
            "name": "private-vm",
            "network_acceleration_type": "standard",
            "network_interface": [
              {
                "dns_record": [],
                "index": 0,
                "ip_address": "192.168.20.9",
                "ipv4": true,
                "ipv6": false,
                "ipv6_address": "",
                "ipv6_dns_record": [],
                "mac_address": "d0:0d:18:82:19:9e",
                "nat": false,
                "nat_dns_record": [],
                "nat_ip_address": "",
                "nat_ip_version": "",
                "security_group_ids": [],
                "subnet_id": "e9bl8nlj3682d5jbm733"
              }
            ],
            "placement_policy": [
              {
                "host_affinity_rules": [],
                "placement_group_id": "",
                "placement_group_partition": 0
              }
            ],
            "platform_id": "standard-v1",
            "resources": [
              {
                "core_fraction": 100,
                "cores": 2,
                "gpus": 0,
                "memory": 2
              }
            ],
            "scheduling_policy": [
              {
                "preemptible": true
              }
            ],
            "secondary_disk": [],
            "service_account_id": "",
            "status": "running",
            "timeouts": null,
            "zone": "ru-central1-a"
          },
          "sensitive_attributes": [],
          "private": "eyJlMmJmYjczMC1lY2FhLTExZTYtOGY4OC0zNDM2M2JjN2M0YzAiOnsiY3JlYXRlIjozMDAwMDAwMDAwMDAsImRlbGV0ZSI6MzAwMDAwMDAwMDAwLCJ1cGRhdGUiOjMwMDAwMDAwMDAwMH0sInNjaGVtYV92ZXJzaW9uIjoiMSJ9",
          "dependencies": [
            "yandex_vpc_network.network-1",
            "yandex_vpc_route_table.nat-route-table",
            "yandex_vpc_subnet.subnet-private"
          ]
        }
      ]
    },
    {
      "mode": "managed",
      "type": "yandex_compute_instance",
      "name": "public-vm",
      "provider": "provider[\"registry.terraform.io/yandex-cloud/yandex\"]",
      "instances": [
        {
          "schema_version": 1,
          "attributes": {
            "allow_recreate": null,
            "allow_stopping_for_update": null,
            "boot_disk": [
              {
                "auto_delete": true,
                "device_name": "fhm518kvdukon3otuk1k",
                "disk_id": "fhm518kvdukon3otuk1k",
                "initialize_params": [
                  {
                    "block_size": 4096,
                    "description": "",
                    "image_id": "fd8b6qcrqbaqtnuumbph",
                    "name": "",
                    "size": 10,
                    "snapshot_id": "",
                    "type": "network-hdd"
                  }
                ],
                "mode": "READ_WRITE"
              }
            ],
            "created_at": "2024-04-08T18:55:12Z",
            "description": "",
            "filesystem": [],
            "folder_id": "b1ghjrjv7od7c3dmu2c1",
            "fqdn": "public-vm.ru-central1.internal",
            "gpu_cluster_id": "",
            "hostname": "public-vm",
            "id": "fhmkgb2evhtbnlu5abmn",
            "labels": null,
            "local_disk": [],
            "maintenance_grace_period": "",
            "maintenance_policy": null,
            "metadata": {
              "ssh-keys": "ubuntu:ssh-rsa AAAAB3NzaC1yc2EAAAADAQABAAABAQCY7SYteJbN7Sg1ulemNt1+OwVyp0qzaoeG8FOB1JwLbyqdocU6Aqcd7xge/r3T0KJybQRudeK5ysDU5rCi8p7aTHYHA5K0Fo2aw1RXC0O4sXpDRowAaqFbR7e8Dw5enan4x2tlHR3gcVbQuIo0SfqguY3v1auh89oDoisOvbn4RGwBRFnaGLo7TDosVXfQ1u3Sl0lEhARYCsXwWA4qyE2NcdWsQGDj9bncxpkC+4FVPqwyemOFhsId+12N8DxWycNxylP3k+oRPDFPLYBymrgaVdNPZDiWDrpbE+4+7foJgwxNtrr4NqFb9+P5U/oaoCPYy733BbBnrJECfqsMHe3D"
            },
            "metadata_options": [
              {
                "aws_v1_http_endpoint": 1,
                "aws_v1_http_token": 2,
                "gce_http_endpoint": 1,
                "gce_http_token": 1
              }
            ],
            "name": "public-vm",
            "network_acceleration_type": "standard",
            "network_interface": [
              {
                "dns_record": [],
                "index": 0,
                "ip_address": "192.168.10.11",
                "ipv4": true,
                "ipv6": false,
                "ipv6_address": "",
                "ipv6_dns_record": [],
                "mac_address": "d0:0d:14:82:c4:ef",
                "nat": true,
                "nat_dns_record": [],
                "nat_ip_address": "51.250.94.184",
                "nat_ip_version": "IPV4",
                "security_group_ids": [],
                "subnet_id": "e9btv9crti14ktttqsbc"
              }
            ],
            "placement_policy": [
              {
                "host_affinity_rules": [],
                "placement_group_id": "",
                "placement_group_partition": 0
              }
            ],
            "platform_id": "standard-v1",
            "resources": [
              {
                "core_fraction": 100,
                "cores": 2,
                "gpus": 0,
                "memory": 2
              }
            ],
            "scheduling_policy": [
              {
                "preemptible": true
              }
            ],
            "secondary_disk": [],
            "service_account_id": "",
            "status": "running",
            "timeouts": null,
            "zone": "ru-central1-a"
          },
          "sensitive_attributes": [],
          "private": "eyJlMmJmYjczMC1lY2FhLTExZTYtOGY4OC0zNDM2M2JjN2M0YzAiOnsiY3JlYXRlIjozMDAwMDAwMDAwMDAsImRlbGV0ZSI6MzAwMDAwMDAwMDAwLCJ1cGRhdGUiOjMwMDAwMDAwMDAwMH0sInNjaGVtYV92ZXJzaW9uIjoiMSJ9",
          "dependencies": [
            "yandex_vpc_network.network-1",
            "yandex_vpc_subnet.subnet-public"
          ]
        }
      ]
    },
    {
      "mode": "managed",
      "type": "yandex_vpc_network",
      "name": "network-1",
      "provider": "provider[\"registry.terraform.io/yandex-cloud/yandex\"]",
      "instances": [
        {
          "schema_version": 0,
          "attributes": {
            "created_at": "2024-04-08T18:55:09Z",
            "default_security_group_id": "enpj10jd8vocrc8ah31l",
            "description": "",
            "folder_id": "b1ghjrjv7od7c3dmu2c1",
            "id": "enp56b8vq89i1n8seqri",
            "labels": {},
            "name": "network1",
            "subnet_ids": [],
            "timeouts": null
          },
          "sensitive_attributes": [],
          "private": "eyJlMmJmYjczMC1lY2FhLTExZTYtOGY4OC0zNDM2M2JjN2M0YzAiOnsiY3JlYXRlIjo2MDAwMDAwMDAwMCwiZGVsZXRlIjo2MDAwMDAwMDAwMCwidXBkYXRlIjo2MDAwMDAwMDAwMH19"
        }
      ]
    },
    {
      "mode": "managed",
      "type": "yandex_vpc_route_table",
      "name": "nat-route-table",
      "provider": "provider[\"registry.terraform.io/yandex-cloud/yandex\"]",
      "instances": [
        {
          "schema_version": 0,
          "attributes": {
            "created_at": "2024-04-08T18:55:10Z",
            "description": "",
            "folder_id": "b1ghjrjv7od7c3dmu2c1",
            "id": "enpcia5d41jeuiuh263f",
            "labels": {},
            "name": "",
            "network_id": "enp56b8vq89i1n8seqri",
            "static_route": [
              {
                "destination_prefix": "0.0.0.0/0",
                "gateway_id": "",
                "next_hop_address": "192.168.10.254"
              }
            ],
            "timeouts": null
          },
          "sensitive_attributes": [],
          "private": "eyJlMmJmYjczMC1lY2FhLTExZTYtOGY4OC0zNDM2M2JjN2M0YzAiOnsiY3JlYXRlIjoxODAwMDAwMDAwMDAsImRlbGV0ZSI6MTgwMDAwMDAwMDAwLCJ1cGRhdGUiOjE4MDAwMDAwMDAwMH19",
          "dependencies": [
            "yandex_vpc_network.network-1"
          ]
        }
      ]
    },
    {
      "mode": "managed",
      "type": "yandex_vpc_subnet",
      "name": "subnet-private",
      "provider": "provider[\"registry.terraform.io/yandex-cloud/yandex\"]",
      "instances": [
        {
          "schema_version": 0,
          "attributes": {
            "created_at": "2024-04-08T18:55:12Z",
            "description": "",
            "dhcp_options": [],
            "folder_id": "b1ghjrjv7od7c3dmu2c1",
            "id": "e9bl8nlj3682d5jbm733",
            "labels": {},
            "name": "private",
            "network_id": "enp56b8vq89i1n8seqri",
            "route_table_id": "enpcia5d41jeuiuh263f",
            "timeouts": null,
            "v4_cidr_blocks": [
              "192.168.20.0/24"
            ],
            "v6_cidr_blocks": [],
            "zone": "ru-central1-a"
          },
          "sensitive_attributes": [],
          "private": "eyJlMmJmYjczMC1lY2FhLTExZTYtOGY4OC0zNDM2M2JjN2M0YzAiOnsiY3JlYXRlIjoxODAwMDAwMDAwMDAsImRlbGV0ZSI6MTgwMDAwMDAwMDAwLCJ1cGRhdGUiOjE4MDAwMDAwMDAwMH19",
          "dependencies": [
            "yandex_vpc_network.network-1",
            "yandex_vpc_route_table.nat-route-table"
          ]
        }
      ]
    },
    {
      "mode": "managed",
      "type": "yandex_vpc_subnet",
      "name": "subnet-public",
      "provider": "provider[\"registry.terraform.io/yandex-cloud/yandex\"]",
      "instances": [
        {
          "schema_version": 0,
          "attributes": {
            "created_at": "2024-04-08T18:55:11Z",
            "description": "",
            "dhcp_options": [],
            "folder_id": "b1ghjrjv7od7c3dmu2c1",
            "id": "e9btv9crti14ktttqsbc",
            "labels": {},
            "name": "public",
            "network_id": "enp56b8vq89i1n8seqri",
            "route_table_id": "",
            "timeouts": null,
            "v4_cidr_blocks": [
              "192.168.10.0/24"
            ],
            "v6_cidr_blocks": [],
            "zone": "ru-central1-a"
          },
          "sensitive_attributes": [],
          "private": "eyJlMmJmYjczMC1lY2FhLTExZTYtOGY4OC0zNDM2M2JjN2M0YzAiOnsiY3JlYXRlIjoxODAwMDAwMDAwMDAsImRlbGV0ZSI6MTgwMDAwMDAwMDAwLCJ1cGRhdGUiOjE4MDAwMDAwMDAwMH19",
          "dependencies": [
            "yandex_vpc_network.network-1"
          ]
        }
      ]
    }
  ]
}
