{
  "version": 4,
  "terraform_version": "1.3.9",
  "serial": 15,
  "lineage": "dc2e0eeb-1124-38b9-8c2d-9b7451c08c83",
  "outputs": {
    "external_ip_address_node01": {
      "value": "51.250.14.172",
      "type": "string"
    },
    "external_ip_address_node02": {
      "value": "158.160.52.154",
      "type": "string"
    },
    "external_ip_address_node03": {
      "value": "62.84.116.225",
      "type": "string"
    },
    "external_ip_address_node04": {
      "value": "158.160.50.37",
      "type": "string"
    },
    "external_ip_address_node05": {
      "value": "62.84.114.175",
      "type": "string"
    },
    "external_ip_address_node06": {
      "value": "158.160.63.133",
      "type": "string"
    },
    "internal_ip_address_node01": {
      "value": "192.168.101.11",
      "type": "string"
    },
    "internal_ip_address_node02": {
      "value": "192.168.101.12",
      "type": "string"
    },
    "internal_ip_address_node03": {
      "value": "192.168.101.13",
      "type": "string"
    },
    "internal_ip_address_node04": {
      "value": "192.168.101.14",
      "type": "string"
    },
    "internal_ip_address_node05": {
      "value": "192.168.101.15",
      "type": "string"
    },
    "internal_ip_address_node06": {
      "value": "192.168.101.16",
      "type": "string"
    }
  },
  "resources": [
    {
      "mode": "managed",
      "type": "local_file",
      "name": "inventory",
      "provider": "provider[\"registry.terraform.io/hashicorp/local\"]",
      "instances": [
        {
          "schema_version": 0,
          "attributes": {
            "content": "# Ansible inventory containing variable values from Terraform.\n# Generated by Terraform.\n\n[nodes:children]\nmanagers\nworkers\n\n[managers:children]\nactive\nstandby\n\n[active]\nnode01.netology.yc ansible_host=51.250.14.172\n\n[standby]\nnode02.netology.yc ansible_host=158.160.52.154\nnode03.netology.yc ansible_host=62.84.116.225\n\n[workers]\nnode04.netology.yc ansible_host=158.160.50.37\nnode05.netology.yc ansible_host=62.84.114.175\nnode06.netology.yc ansible_host=158.160.63.133\n",
            "content_base64": null,
            "directory_permission": "0777",
            "file_permission": "0777",
            "filename": "../ansible/inventory",
            "id": "6ab7e6c27008b3ced7210deeb13c0f709480de2a",
            "sensitive_content": null,
            "source": null
          },
          "sensitive_attributes": [],
          "dependencies": [
            "yandex_compute_instance.node01",
            "yandex_compute_instance.node02",
            "yandex_compute_instance.node03",
            "yandex_compute_instance.node04",
            "yandex_compute_instance.node05",
            "yandex_compute_instance.node06",
            "yandex_vpc_network.default",
            "yandex_vpc_subnet.default"
          ]
        }
      ]
    },
    {
      "mode": "managed",
      "type": "null_resource",
      "name": "cluster",
      "provider": "provider[\"registry.terraform.io/hashicorp/null\"]",
      "instances": [
        {
          "schema_version": 0,
          "attributes": {
            "id": "9219034736248870972",
            "triggers": null
          },
          "sensitive_attributes": [],
          "dependencies": [
            "local_file.inventory",
            "null_resource.wait",
            "yandex_compute_instance.node01",
            "yandex_compute_instance.node02",
            "yandex_compute_instance.node03",
            "yandex_compute_instance.node04",
            "yandex_compute_instance.node05",
            "yandex_compute_instance.node06",
            "yandex_vpc_network.default",
            "yandex_vpc_subnet.default"
          ]
        }
      ]
    },
    {
      "mode": "managed",
      "type": "null_resource",
      "name": "monitoring",
      "provider": "provider[\"registry.terraform.io/hashicorp/null\"]",
      "instances": [
        {
          "schema_version": 0,
          "attributes": {
            "id": "6634817625638626338",
            "triggers": null
          },
          "sensitive_attributes": [],
          "dependencies": [
            "local_file.inventory",
            "null_resource.cluster",
            "null_resource.sync",
            "null_resource.wait",
            "yandex_compute_instance.node01",
            "yandex_compute_instance.node02",
            "yandex_compute_instance.node03",
            "yandex_compute_instance.node04",
            "yandex_compute_instance.node05",
            "yandex_compute_instance.node06",
            "yandex_vpc_network.default",
            "yandex_vpc_subnet.default"
          ]
        }
      ]
    },
    {
      "mode": "managed",
      "type": "null_resource",
      "name": "sync",
      "provider": "provider[\"registry.terraform.io/hashicorp/null\"]",
      "instances": [
        {
          "schema_version": 0,
          "attributes": {
            "id": "4632432548355044131",
            "triggers": null
          },
          "sensitive_attributes": [],
          "dependencies": [
            "local_file.inventory",
            "null_resource.cluster",
            "null_resource.wait",
            "yandex_compute_instance.node01",
            "yandex_compute_instance.node02",
            "yandex_compute_instance.node03",
            "yandex_compute_instance.node04",
            "yandex_compute_instance.node05",
            "yandex_compute_instance.node06",
            "yandex_vpc_network.default",
            "yandex_vpc_subnet.default"
          ]
        }
      ]
    },
    {
      "mode": "managed",
      "type": "null_resource",
      "name": "wait",
      "provider": "provider[\"registry.terraform.io/hashicorp/null\"]",
      "instances": [
        {
          "schema_version": 0,
          "attributes": {
            "id": "8950717254500767869",
            "triggers": null
          },
          "sensitive_attributes": [],
          "dependencies": [
            "local_file.inventory",
            "yandex_compute_instance.node01",
            "yandex_compute_instance.node02",
            "yandex_compute_instance.node03",
            "yandex_compute_instance.node04",
            "yandex_compute_instance.node05",
            "yandex_compute_instance.node06",
            "yandex_vpc_network.default",
            "yandex_vpc_subnet.default"
          ]
        }
      ]
    },
    {
      "mode": "managed",
      "type": "yandex_compute_instance",
      "name": "node01",
      "provider": "provider[\"registry.terraform.io/yandex-cloud/yandex\"]",
      "instances": [
        {
          "schema_version": 1,
          "attributes": {
            "allow_recreate": null,
            "allow_stopping_for_update": true,
            "boot_disk": [
              {
                "auto_delete": true,
                "device_name": "fhmprcisudl9829v3fg7",
                "disk_id": "fhmprcisudl9829v3fg7",
                "initialize_params": [
                  {
                    "block_size": 4096,
                    "description": "",
                    "image_id": "fd825oqh9447po2ce3sd",
                    "name": "root-node01",
                    "size": 10,
                    "snapshot_id": "",
                    "type": "network-ssd"
                  }
                ],
                "mode": "READ_WRITE"
              }
            ],
            "created_at": "2023-03-01T14:52:53Z",
            "description": "",
            "filesystem": [],
            "folder_id": "b1ghjrjv7od7c3dmu2c1",
            "fqdn": "node01.netology.yc",
            "hostname": "node01.netology.yc",
            "id": "fhm5s5c1cfuuocqfgrrk",
            "labels": null,
            "local_disk": [],
            "metadata": {
              "ssh-keys": "centos:ssh-rsa AAAAB3NzaC1yc2EAAAADAQABAAABAQCloiFZYxD3d7U4AhUiI0kbXHNf40EwSAsY0LbVTtbGUddDHPNpyLXvJn6sxkFZ95PMRQmt050yHj+/6FxkzYzCIcQcFRX6CsXFoLidBbM/VIawqwiwnnNAxXQFZACYy+siqCAZbXoJ222dJwXmygo2yQVVFLhWjqOqcSfMzr/qktFEk2OOeemGevwBi3vl5g+WRWiBHok8X6QbBk74JjUKHAFjRfoAN780rQgFMsO/+9Nkq2JQKmJt7gJadCy3qjqee2asvN9dgOk+YJSO+3azn8nMjd7IqmR+Ep4W3763xsNKSPZuMA7iQ90K/fNujMq7AWyLcC8dg/ANAGM4jtsH root@DESKTOP-PHSSLB6\n"
            },
            "metadata_options": [
              {
                "aws_v1_http_endpoint": 1,
                "aws_v1_http_token": 2,
                "gce_http_endpoint": 1,
                "gce_http_token": 1
              }
            ],
            "name": "node01",
            "network_acceleration_type": "standard",
            "network_interface": [
              {
                "dns_record": [],
                "index": 0,
                "ip_address": "192.168.101.11",
                "ipv4": true,
                "ipv6": false,
                "ipv6_address": "",
                "ipv6_dns_record": [],
                "mac_address": "d0:0d:5e:15:81:63",
                "nat": true,
                "nat_dns_record": [],
                "nat_ip_address": "51.250.14.172",
                "nat_ip_version": "IPV4",
                "security_group_ids": [],
                "subnet_id": "e9b862qtq3grndqn932s"
              }
            ],
            "placement_policy": [
              {
                "host_affinity_rules": [],
                "placement_group_id": ""
              }
            ],
            "platform_id": "standard-v1",
            "resources": [
              {
                "core_fraction": 100,
                "cores": 4,
                "gpus": 0,
                "memory": 8
              }
            ],
            "scheduling_policy": [
              {
                "preemptible": false
              }
            ],
            "secondary_disk": [],
            "service_account_id": "",
            "status": "running",
            "timeouts": null,
            "zone": "ru-central1-a"
          },
          "sensitive_attributes": [],
          "private": "eyJlMmJmYjczMC1lY2FhLTExZTYtOGY4OC0zNDM2M2JjN2M0YzAiOnsiY3JlYXRlIjozMDAwMDAwMDAwMDAsImRlbGV0ZSI6MzAwMDAwMDAwMDAwLCJ1cGRhdGUiOjMwMDAwMDAwMDAwMH0sInNjaGVtYV92ZXJzaW9uIjoiMSJ9",
          "dependencies": [
            "yandex_vpc_network.default",
            "yandex_vpc_subnet.default"
          ]
        }
      ]
    },
    {
      "mode": "managed",
      "type": "yandex_compute_instance",
      "name": "node02",
      "provider": "provider[\"registry.terraform.io/yandex-cloud/yandex\"]",
      "instances": [
        {
          "schema_version": 1,
          "attributes": {
            "allow_recreate": null,
            "allow_stopping_for_update": true,
            "boot_disk": [
              {
                "auto_delete": true,
                "device_name": "fhm8bfq31akpd58fvmns",
                "disk_id": "fhm8bfq31akpd58fvmns",
                "initialize_params": [
                  {
                    "block_size": 4096,
                    "description": "",
                    "image_id": "fd825oqh9447po2ce3sd",
                    "name": "root-node02",
                    "size": 10,
                    "snapshot_id": "",
                    "type": "network-ssd"
                  }
                ],
                "mode": "READ_WRITE"
              }
            ],
            "created_at": "2023-03-01T14:52:53Z",
            "description": "",
            "filesystem": [],
            "folder_id": "b1ghjrjv7od7c3dmu2c1",
            "fqdn": "node02.netology.yc",
            "hostname": "node02.netology.yc",
            "id": "fhmtn50i8v4imfujki5v",
            "labels": null,
            "local_disk": [],
            "metadata": {
              "ssh-keys": "centos:ssh-rsa AAAAB3NzaC1yc2EAAAADAQABAAABAQCloiFZYxD3d7U4AhUiI0kbXHNf40EwSAsY0LbVTtbGUddDHPNpyLXvJn6sxkFZ95PMRQmt050yHj+/6FxkzYzCIcQcFRX6CsXFoLidBbM/VIawqwiwnnNAxXQFZACYy+siqCAZbXoJ222dJwXmygo2yQVVFLhWjqOqcSfMzr/qktFEk2OOeemGevwBi3vl5g+WRWiBHok8X6QbBk74JjUKHAFjRfoAN780rQgFMsO/+9Nkq2JQKmJt7gJadCy3qjqee2asvN9dgOk+YJSO+3azn8nMjd7IqmR+Ep4W3763xsNKSPZuMA7iQ90K/fNujMq7AWyLcC8dg/ANAGM4jtsH root@DESKTOP-PHSSLB6\n"
            },
            "metadata_options": [
              {
                "aws_v1_http_endpoint": 1,
                "aws_v1_http_token": 2,
                "gce_http_endpoint": 1,
                "gce_http_token": 1
              }
            ],
            "name": "node02",
            "network_acceleration_type": "standard",
            "network_interface": [
              {
                "dns_record": [],
                "index": 0,
                "ip_address": "192.168.101.12",
                "ipv4": true,
                "ipv6": false,
                "ipv6_address": "",
                "ipv6_dns_record": [],
                "mac_address": "d0:0d:1d:b9:41:24",
                "nat": true,
                "nat_dns_record": [],
                "nat_ip_address": "158.160.52.154",
                "nat_ip_version": "IPV4",
                "security_group_ids": [],
                "subnet_id": "e9b862qtq3grndqn932s"
              }
            ],
            "placement_policy": [
              {
                "host_affinity_rules": [],
                "placement_group_id": ""
              }
            ],
            "platform_id": "standard-v1",
            "resources": [
              {
                "core_fraction": 100,
                "cores": 4,
                "gpus": 0,
                "memory": 8
              }
            ],
            "scheduling_policy": [
              {
                "preemptible": false
              }
            ],
            "secondary_disk": [],
            "service_account_id": "",
            "status": "running",
            "timeouts": null,
            "zone": "ru-central1-a"
          },
          "sensitive_attributes": [],
          "private": "eyJlMmJmYjczMC1lY2FhLTExZTYtOGY4OC0zNDM2M2JjN2M0YzAiOnsiY3JlYXRlIjozMDAwMDAwMDAwMDAsImRlbGV0ZSI6MzAwMDAwMDAwMDAwLCJ1cGRhdGUiOjMwMDAwMDAwMDAwMH0sInNjaGVtYV92ZXJzaW9uIjoiMSJ9",
          "dependencies": [
            "yandex_vpc_network.default",
            "yandex_vpc_subnet.default"
          ]
        }
      ]
    },
    {
      "mode": "managed",
      "type": "yandex_compute_instance",
      "name": "node03",
      "provider": "provider[\"registry.terraform.io/yandex-cloud/yandex\"]",
      "instances": [
        {
          "schema_version": 1,
          "attributes": {
            "allow_recreate": null,
            "allow_stopping_for_update": true,
            "boot_disk": [
              {
                "auto_delete": true,
                "device_name": "fhmcbgqemt94tnrpcjlr",
                "disk_id": "fhmcbgqemt94tnrpcjlr",
                "initialize_params": [
                  {
                    "block_size": 4096,
                    "description": "",
                    "image_id": "fd825oqh9447po2ce3sd",
                    "name": "root-node03",
                    "size": 10,
                    "snapshot_id": "",
                    "type": "network-ssd"
                  }
                ],
                "mode": "READ_WRITE"
              }
            ],
            "created_at": "2023-03-01T14:52:54Z",
            "description": "",
            "filesystem": [],
            "folder_id": "b1ghjrjv7od7c3dmu2c1",
            "fqdn": "node03.netology.yc",
            "hostname": "node03.netology.yc",
            "id": "fhmvjog2ct4k438k6fl9",
            "labels": null,
            "local_disk": [],
            "metadata": {
              "ssh-keys": "centos:ssh-rsa AAAAB3NzaC1yc2EAAAADAQABAAABAQCloiFZYxD3d7U4AhUiI0kbXHNf40EwSAsY0LbVTtbGUddDHPNpyLXvJn6sxkFZ95PMRQmt050yHj+/6FxkzYzCIcQcFRX6CsXFoLidBbM/VIawqwiwnnNAxXQFZACYy+siqCAZbXoJ222dJwXmygo2yQVVFLhWjqOqcSfMzr/qktFEk2OOeemGevwBi3vl5g+WRWiBHok8X6QbBk74JjUKHAFjRfoAN780rQgFMsO/+9Nkq2JQKmJt7gJadCy3qjqee2asvN9dgOk+YJSO+3azn8nMjd7IqmR+Ep4W3763xsNKSPZuMA7iQ90K/fNujMq7AWyLcC8dg/ANAGM4jtsH root@DESKTOP-PHSSLB6\n"
            },
            "metadata_options": [
              {
                "aws_v1_http_endpoint": 1,
                "aws_v1_http_token": 2,
                "gce_http_endpoint": 1,
                "gce_http_token": 1
              }
            ],
            "name": "node03",
            "network_acceleration_type": "standard",
            "network_interface": [
              {
                "dns_record": [],
                "index": 0,
                "ip_address": "192.168.101.13",
                "ipv4": true,
                "ipv6": false,
                "ipv6_address": "",
                "ipv6_dns_record": [],
                "mac_address": "d0:0d:1f:9e:20:26",
                "nat": true,
                "nat_dns_record": [],
                "nat_ip_address": "62.84.116.225",
                "nat_ip_version": "IPV4",
                "security_group_ids": [],
                "subnet_id": "e9b862qtq3grndqn932s"
              }
            ],
            "placement_policy": [
              {
                "host_affinity_rules": [],
                "placement_group_id": ""
              }
            ],
            "platform_id": "standard-v1",
            "resources": [
              {
                "core_fraction": 100,
                "cores": 4,
                "gpus": 0,
                "memory": 8
              }
            ],
            "scheduling_policy": [
              {
                "preemptible": false
              }
            ],
            "secondary_disk": [],
            "service_account_id": "",
            "status": "running",
            "timeouts": null,
            "zone": "ru-central1-a"
          },
          "sensitive_attributes": [],
          "private": "eyJlMmJmYjczMC1lY2FhLTExZTYtOGY4OC0zNDM2M2JjN2M0YzAiOnsiY3JlYXRlIjozMDAwMDAwMDAwMDAsImRlbGV0ZSI6MzAwMDAwMDAwMDAwLCJ1cGRhdGUiOjMwMDAwMDAwMDAwMH0sInNjaGVtYV92ZXJzaW9uIjoiMSJ9",
          "dependencies": [
            "yandex_vpc_network.default",
            "yandex_vpc_subnet.default"
          ]
        }
      ]
    },
    {
      "mode": "managed",
      "type": "yandex_compute_instance",
      "name": "node04",
      "provider": "provider[\"registry.terraform.io/yandex-cloud/yandex\"]",
      "instances": [
        {
          "schema_version": 1,
          "attributes": {
            "allow_recreate": null,
            "allow_stopping_for_update": true,
            "boot_disk": [
              {
                "auto_delete": true,
                "device_name": "fhmmiclune4t8jt18n4o",
                "disk_id": "fhmmiclune4t8jt18n4o",
                "initialize_params": [
                  {
                    "block_size": 4096,
                    "description": "",
                    "image_id": "fd825oqh9447po2ce3sd",
                    "name": "root-node04",
                    "size": 40,
                    "snapshot_id": "",
                    "type": "network-ssd"
                  }
                ],
                "mode": "READ_WRITE"
              }
            ],
            "created_at": "2023-03-01T14:52:53Z",
            "description": "",
            "filesystem": [],
            "folder_id": "b1ghjrjv7od7c3dmu2c1",
            "fqdn": "node04.netology.yc",
            "hostname": "node04.netology.yc",
            "id": "fhmkuoiobnn0cicmp3o9",
            "labels": null,
            "local_disk": [],
            "metadata": {
              "ssh-keys": "centos:ssh-rsa AAAAB3NzaC1yc2EAAAADAQABAAABAQCloiFZYxD3d7U4AhUiI0kbXHNf40EwSAsY0LbVTtbGUddDHPNpyLXvJn6sxkFZ95PMRQmt050yHj+/6FxkzYzCIcQcFRX6CsXFoLidBbM/VIawqwiwnnNAxXQFZACYy+siqCAZbXoJ222dJwXmygo2yQVVFLhWjqOqcSfMzr/qktFEk2OOeemGevwBi3vl5g+WRWiBHok8X6QbBk74JjUKHAFjRfoAN780rQgFMsO/+9Nkq2JQKmJt7gJadCy3qjqee2asvN9dgOk+YJSO+3azn8nMjd7IqmR+Ep4W3763xsNKSPZuMA7iQ90K/fNujMq7AWyLcC8dg/ANAGM4jtsH root@DESKTOP-PHSSLB6\n"
            },
            "metadata_options": [
              {
                "aws_v1_http_endpoint": 1,
                "aws_v1_http_token": 2,
                "gce_http_endpoint": 1,
                "gce_http_token": 1
              }
            ],
            "name": "node04",
            "network_acceleration_type": "standard",
            "network_interface": [
              {
                "dns_record": [],
                "index": 0,
                "ip_address": "192.168.101.14",
                "ipv4": true,
                "ipv6": false,
                "ipv6_address": "",
                "ipv6_dns_record": [],
                "mac_address": "d0:0d:14:f6:25:85",
                "nat": true,
                "nat_dns_record": [],
                "nat_ip_address": "158.160.50.37",
                "nat_ip_version": "IPV4",
                "security_group_ids": [],
                "subnet_id": "e9b862qtq3grndqn932s"
              }
            ],
            "placement_policy": [
              {
                "host_affinity_rules": [],
                "placement_group_id": ""
              }
            ],
            "platform_id": "standard-v1",
            "resources": [
              {
                "core_fraction": 100,
                "cores": 4,
                "gpus": 0,
                "memory": 8
              }
            ],
            "scheduling_policy": [
              {
                "preemptible": false
              }
            ],
            "secondary_disk": [],
            "service_account_id": "",
            "status": "running",
            "timeouts": null,
            "zone": "ru-central1-a"
          },
          "sensitive_attributes": [],
          "private": "eyJlMmJmYjczMC1lY2FhLTExZTYtOGY4OC0zNDM2M2JjN2M0YzAiOnsiY3JlYXRlIjozMDAwMDAwMDAwMDAsImRlbGV0ZSI6MzAwMDAwMDAwMDAwLCJ1cGRhdGUiOjMwMDAwMDAwMDAwMH0sInNjaGVtYV92ZXJzaW9uIjoiMSJ9",
          "dependencies": [
            "yandex_vpc_network.default",
            "yandex_vpc_subnet.default"
          ]
        }
      ]
    },
    {
      "mode": "managed",
      "type": "yandex_compute_instance",
      "name": "node05",
      "provider": "provider[\"registry.terraform.io/yandex-cloud/yandex\"]",
      "instances": [
        {
          "schema_version": 1,
          "attributes": {
            "allow_recreate": null,
            "allow_stopping_for_update": true,
            "boot_disk": [
              {
                "auto_delete": true,
                "device_name": "fhm3u5vnq45ulucdaapf",
                "disk_id": "fhm3u5vnq45ulucdaapf",
                "initialize_params": [
                  {
                    "block_size": 4096,
                    "description": "",
                    "image_id": "fd825oqh9447po2ce3sd",
                    "name": "root-node05",
                    "size": 40,
                    "snapshot_id": "",
                    "type": "network-ssd"
                  }
                ],
                "mode": "READ_WRITE"
              }
            ],
            "created_at": "2023-03-01T14:52:53Z",
            "description": "",
            "filesystem": [],
            "folder_id": "b1ghjrjv7od7c3dmu2c1",
            "fqdn": "node05.netology.yc",
            "hostname": "node05.netology.yc",
            "id": "fhm63n6sfe109bn54nem",
            "labels": null,
            "local_disk": [],
            "metadata": {
              "ssh-keys": "centos:ssh-rsa AAAAB3NzaC1yc2EAAAADAQABAAABAQCloiFZYxD3d7U4AhUiI0kbXHNf40EwSAsY0LbVTtbGUddDHPNpyLXvJn6sxkFZ95PMRQmt050yHj+/6FxkzYzCIcQcFRX6CsXFoLidBbM/VIawqwiwnnNAxXQFZACYy+siqCAZbXoJ222dJwXmygo2yQVVFLhWjqOqcSfMzr/qktFEk2OOeemGevwBi3vl5g+WRWiBHok8X6QbBk74JjUKHAFjRfoAN780rQgFMsO/+9Nkq2JQKmJt7gJadCy3qjqee2asvN9dgOk+YJSO+3azn8nMjd7IqmR+Ep4W3763xsNKSPZuMA7iQ90K/fNujMq7AWyLcC8dg/ANAGM4jtsH root@DESKTOP-PHSSLB6\n"
            },
            "metadata_options": [
              {
                "aws_v1_http_endpoint": 1,
                "aws_v1_http_token": 2,
                "gce_http_endpoint": 1,
                "gce_http_token": 1
              }
            ],
            "name": "node05",
            "network_acceleration_type": "standard",
            "network_interface": [
              {
                "dns_record": [],
                "index": 0,
                "ip_address": "192.168.101.15",
                "ipv4": true,
                "ipv6": false,
                "ipv6_address": "",
                "ipv6_dns_record": [],
                "mac_address": "d0:0d:61:dc:dc:7b",
                "nat": true,
                "nat_dns_record": [],
                "nat_ip_address": "62.84.114.175",
                "nat_ip_version": "IPV4",
                "security_group_ids": [],
                "subnet_id": "e9b862qtq3grndqn932s"
              }
            ],
            "placement_policy": [
              {
                "host_affinity_rules": [],
                "placement_group_id": ""
              }
            ],
            "platform_id": "standard-v1",
            "resources": [
              {
                "core_fraction": 100,
                "cores": 4,
                "gpus": 0,
                "memory": 8
              }
            ],
            "scheduling_policy": [
              {
                "preemptible": false
              }
            ],
            "secondary_disk": [],
            "service_account_id": "",
            "status": "running",
            "timeouts": null,
            "zone": "ru-central1-a"
          },
          "sensitive_attributes": [],
          "private": "eyJlMmJmYjczMC1lY2FhLTExZTYtOGY4OC0zNDM2M2JjN2M0YzAiOnsiY3JlYXRlIjozMDAwMDAwMDAwMDAsImRlbGV0ZSI6MzAwMDAwMDAwMDAwLCJ1cGRhdGUiOjMwMDAwMDAwMDAwMH0sInNjaGVtYV92ZXJzaW9uIjoiMSJ9",
          "dependencies": [
            "yandex_vpc_network.default",
            "yandex_vpc_subnet.default"
          ]
        }
      ]
    },
    {
      "mode": "managed",
      "type": "yandex_compute_instance",
      "name": "node06",
      "provider": "provider[\"registry.terraform.io/yandex-cloud/yandex\"]",
      "instances": [
        {
          "schema_version": 1,
          "attributes": {
            "allow_recreate": null,
            "allow_stopping_for_update": true,
            "boot_disk": [
              {
                "auto_delete": true,
                "device_name": "fhmksfb7nll8gr3rn69t",
                "disk_id": "fhmksfb7nll8gr3rn69t",
                "initialize_params": [
                  {
                    "block_size": 4096,
                    "description": "",
                    "image_id": "fd825oqh9447po2ce3sd",
                    "name": "root-node06",
                    "size": 40,
                    "snapshot_id": "",
                    "type": "network-ssd"
                  }
                ],
                "mode": "READ_WRITE"
              }
            ],
            "created_at": "2023-03-01T14:52:53Z",
            "description": "",
            "filesystem": [],
            "folder_id": "b1ghjrjv7od7c3dmu2c1",
            "fqdn": "node06.netology.yc",
            "hostname": "node06.netology.yc",
            "id": "fhmgsj5kj107h3dfsqoh",
            "labels": null,
            "local_disk": [],
            "metadata": {
              "ssh-keys": "centos:ssh-rsa AAAAB3NzaC1yc2EAAAADAQABAAABAQCloiFZYxD3d7U4AhUiI0kbXHNf40EwSAsY0LbVTtbGUddDHPNpyLXvJn6sxkFZ95PMRQmt050yHj+/6FxkzYzCIcQcFRX6CsXFoLidBbM/VIawqwiwnnNAxXQFZACYy+siqCAZbXoJ222dJwXmygo2yQVVFLhWjqOqcSfMzr/qktFEk2OOeemGevwBi3vl5g+WRWiBHok8X6QbBk74JjUKHAFjRfoAN780rQgFMsO/+9Nkq2JQKmJt7gJadCy3qjqee2asvN9dgOk+YJSO+3azn8nMjd7IqmR+Ep4W3763xsNKSPZuMA7iQ90K/fNujMq7AWyLcC8dg/ANAGM4jtsH root@DESKTOP-PHSSLB6\n"
            },
            "metadata_options": [
              {
                "aws_v1_http_endpoint": 1,
                "aws_v1_http_token": 2,
                "gce_http_endpoint": 1,
                "gce_http_token": 1
              }
            ],
            "name": "node06",
            "network_acceleration_type": "standard",
            "network_interface": [
              {
                "dns_record": [],
                "index": 0,
                "ip_address": "192.168.101.16",
                "ipv4": true,
                "ipv6": false,
                "ipv6_address": "",
                "ipv6_dns_record": [],
                "mac_address": "d0:0d:10:e4:cb:49",
                "nat": true,
                "nat_dns_record": [],
                "nat_ip_address": "158.160.63.133",
                "nat_ip_version": "IPV4",
                "security_group_ids": [],
                "subnet_id": "e9b862qtq3grndqn932s"
              }
            ],
            "placement_policy": [
              {
                "host_affinity_rules": [],
                "placement_group_id": ""
              }
            ],
            "platform_id": "standard-v1",
            "resources": [
              {
                "core_fraction": 100,
                "cores": 4,
                "gpus": 0,
                "memory": 8
              }
            ],
            "scheduling_policy": [
              {
                "preemptible": false
              }
            ],
            "secondary_disk": [],
            "service_account_id": "",
            "status": "running",
            "timeouts": null,
            "zone": "ru-central1-a"
          },
          "sensitive_attributes": [],
          "private": "eyJlMmJmYjczMC1lY2FhLTExZTYtOGY4OC0zNDM2M2JjN2M0YzAiOnsiY3JlYXRlIjozMDAwMDAwMDAwMDAsImRlbGV0ZSI6MzAwMDAwMDAwMDAwLCJ1cGRhdGUiOjMwMDAwMDAwMDAwMH0sInNjaGVtYV92ZXJzaW9uIjoiMSJ9",
          "dependencies": [
            "yandex_vpc_network.default",
            "yandex_vpc_subnet.default"
          ]
        }
      ]
    },
    {
      "mode": "managed",
      "type": "yandex_vpc_network",
      "name": "default",
      "provider": "provider[\"registry.terraform.io/yandex-cloud/yandex\"]",
      "instances": [
        {
          "schema_version": 0,
          "attributes": {
            "created_at": "2023-03-01T14:52:46Z",
            "default_security_group_id": "",
            "description": "",
            "folder_id": "b1ghjrjv7od7c3dmu2c1",
            "id": "enpprgbi3g43g3sh9b9m",
            "labels": {},
            "name": "net",
            "subnet_ids": [],
            "timeouts": null
          },
          "sensitive_attributes": [],
          "private": "eyJlMmJmYjczMC1lY2FhLTExZTYtOGY4OC0zNDM2M2JjN2M0YzAiOnsiY3JlYXRlIjo2MDAwMDAwMDAwMCwiZGVsZXRlIjo2MDAwMDAwMDAwMCwidXBkYXRlIjo2MDAwMDAwMDAwMH19"
        }
      ]
    },
    {
      "mode": "managed",
      "type": "yandex_vpc_subnet",
      "name": "default",
      "provider": "provider[\"registry.terraform.io/yandex-cloud/yandex\"]",
      "instances": [
        {
          "schema_version": 0,
          "attributes": {
            "created_at": "2023-03-01T14:52:47Z",
            "description": "",
            "dhcp_options": [],
            "folder_id": "b1ghjrjv7od7c3dmu2c1",
            "id": "e9b862qtq3grndqn932s",
            "labels": {},
            "name": "subnet",
            "network_id": "enpprgbi3g43g3sh9b9m",
            "route_table_id": "",
            "timeouts": null,
            "v4_cidr_blocks": [
              "192.168.101.0/24"
            ],
            "v6_cidr_blocks": [],
            "zone": "ru-central1-a"
          },
          "sensitive_attributes": [],
          "private": "eyJlMmJmYjczMC1lY2FhLTExZTYtOGY4OC0zNDM2M2JjN2M0YzAiOnsiY3JlYXRlIjoxODAwMDAwMDAwMDAsImRlbGV0ZSI6MTgwMDAwMDAwMDAwLCJ1cGRhdGUiOjE4MDAwMDAwMDAwMH19",
          "dependencies": [
            "yandex_vpc_network.default"
          ]
        }
      ]
    }
  ],
  "check_results": null
}
